[[package]]
name = "beautifulsoup4"
version = "4.11.1"
requires_python = ">=3.6.0"
summary = "Screen-scraping library"
dependencies = [
    "soupsieve>1.2",
]

[[package]]
name = "certifi"
version = "2022.9.24"
requires_python = ">=3.6"
summary = "Python package for providing Mozilla's CA Bundle."

[[package]]
name = "charset-normalizer"
version = "2.1.1"
requires_python = ">=3.6.0"
summary = "The Real First Universal Charset Detector. Open, modern and actively maintained alternative to Chardet."

[[package]]
name = "distro"
version = "1.8.0"
requires_python = ">=3.6"
summary = "Distro - an OS platform information API"

[[package]]
name = "idna"
version = "3.4"
requires_python = ">=3.5"
summary = "Internationalized Domain Names in Applications (IDNA)"

[[package]]
name = "numpy"
version = "1.23.4"
requires_python = ">=3.8"
summary = "NumPy is the fundamental package for array computing with Python."

[[package]]
name = "pandas"
version = "1.5.1"
requires_python = ">=3.8"
summary = "Powerful data structures for data analysis, time series, and statistics"
dependencies = [
    "numpy>=1.21.0; python_version >= \"3.10\"",
    "python-dateutil>=2.8.1",
    "pytz>=2020.1",
]

[[package]]
name = "pypdf2"
version = "2.11.1"
requires_python = ">=3.6"
summary = "A pure-python PDF library capable of splitting, merging, cropping, and transforming PDF files"

[[package]]
name = "python-dateutil"
version = "2.8.2"
requires_python = "!=3.0.*,!=3.1.*,!=3.2.*,>=2.7"
summary = "Extensions to the standard Python datetime module"
dependencies = [
    "six>=1.5",
]

[[package]]
name = "pytz"
version = "2022.5"
summary = "World timezone definitions, modern and historical"

[[package]]
name = "requests"
version = "2.28.1"
requires_python = ">=3.7, <4"
summary = "Python HTTP for Humans."
dependencies = [
    "certifi>=2017.4.17",
    "charset-normalizer<3,>=2",
    "idna<4,>=2.5",
    "urllib3<1.27,>=1.21.1",
]

[[package]]
name = "setuptools"
version = "65.5.0"
requires_python = ">=3.7"
summary = "Easily download, build, install, upgrade, and uninstall Python packages"

[[package]]
name = "six"
version = "1.16.0"
requires_python = ">=2.7, !=3.0.*, !=3.1.*, !=3.2.*"
summary = "Python 2 and 3 compatibility utilities"

[[package]]
name = "soupsieve"
version = "2.3.2.post1"
requires_python = ">=3.6"
summary = "A modern CSS selector implementation for Beautiful Soup."

[[package]]
name = "tabula-py"
version = "2.5.1"
requires_python = ">=3.7"
summary = "Simple wrapper for tabula-java, read tables from PDF into DataFrame"
dependencies = [
    "distro",
    "numpy",
    "pandas>=0.25.3",
]

[[package]]
name = "urllib3"
version = "1.26.12"
requires_python = ">=2.7, !=3.0.*, !=3.1.*, !=3.2.*, !=3.3.*, !=3.4.*, !=3.5.*, <4"
summary = "HTTP library with thread-safe connection pooling, file post, and more."

[metadata]
lock_version = "4.0"
content_hash = "sha256:2238e5b2960ecd0ed936c83bcf8699b9c2d1ca873e6f99c78a52c15c0829d5f9"

[metadata.files]
"beautifulsoup4 4.11.1" = [
    {url = "https://files.pythonhosted.org/packages/9c/d8/909c4089dbe4ade9f9705f143c9f13f065049a9d5e7d34c828aefdd0a97c/beautifulsoup4-4.11.1-py3-none-any.whl", hash = "sha256:58d5c3d29f5a36ffeb94f02f0d786cd53014cf9b3b3951d42e0080d8a9498d30"},
    {url = "https://files.pythonhosted.org/packages/e8/b0/cd2b968000577ec5ce6c741a54d846dfa402372369b8b6861720aa9ecea7/beautifulsoup4-4.11.1.tar.gz", hash = "sha256:ad9aa55b65ef2808eb405f46cf74df7fcb7044d5cbc26487f96eb2ef2e436693"},
]
"certifi 2022.9.24" = [
    {url = "https://files.pythonhosted.org/packages/1d/38/fa96a426e0c0e68aabc68e896584b83ad1eec779265a028e156ce509630e/certifi-2022.9.24-py3-none-any.whl", hash = "sha256:90c1a32f1d68f940488354e36370f6cca89f0f106db09518524c88d6ed83f382"},
    {url = "https://files.pythonhosted.org/packages/cb/a4/7de7cd59e429bd0ee6521ba58a75adaec136d32f91a761b28a11d8088d44/certifi-2022.9.24.tar.gz", hash = "sha256:0d9c601124e5a6ba9712dbc60d9c53c21e34f5f641fe83002317394311bdce14"},
]
"charset-normalizer 2.1.1" = [
    {url = "https://files.pythonhosted.org/packages/a1/34/44964211e5410b051e4b8d2869c470ae8a68ae274953b1c7de6d98bbcf94/charset-normalizer-2.1.1.tar.gz", hash = "sha256:5a3d016c7c547f69d6f81fb0db9449ce888b418b5b9952cc5e6e66843e9dd845"},
    {url = "https://files.pythonhosted.org/packages/db/51/a507c856293ab05cdc1db77ff4bc1268ddd39f29e7dc4919aa497f0adbec/charset_normalizer-2.1.1-py3-none-any.whl", hash = "sha256:83e9a75d1911279afd89352c68b45348559d1fc0506b054b346651b5e7fee29f"},
]
"distro 1.8.0" = [
    {url = "https://files.pythonhosted.org/packages/4b/89/eaa3a3587ebf8bed93e45aa79be8c2af77d50790d15b53f6dfc85b57f398/distro-1.8.0.tar.gz", hash = "sha256:02e111d1dc6a50abb8eed6bf31c3e48ed8b0830d1ea2a1b78c61765c2513fdd8"},
    {url = "https://files.pythonhosted.org/packages/f4/2c/c90a3adaf0ddb70afe193f5ebfb539612af57cffe677c3126be533df3098/distro-1.8.0-py3-none-any.whl", hash = "sha256:99522ca3e365cac527b44bde033f64c6945d90eb9f769703caaec52b09bbd3ff"},
]
"idna 3.4" = [
    {url = "https://files.pythonhosted.org/packages/8b/e1/43beb3d38dba6cb420cefa297822eac205a277ab43e5ba5d5c46faf96438/idna-3.4.tar.gz", hash = "sha256:814f528e8dead7d329833b91c5faa87d60bf71824cd12a7530b5526063d02cb4"},
    {url = "https://files.pythonhosted.org/packages/fc/34/3030de6f1370931b9dbb4dad48f6ab1015ab1d32447850b9fc94e60097be/idna-3.4-py3-none-any.whl", hash = "sha256:90b77e79eaa3eba6de819a0c442c0b4ceefc341a7a2ab77d7562bf49f425c5c2"},
]
"numpy 1.23.4" = [
    {url = "https://files.pythonhosted.org/packages/04/d4/12493d1ed7d6bd5a29016eea021a32011aef266d23a9a4fdefd5ad520eed/numpy-1.23.4-cp311-cp311-macosx_11_0_arm64.whl", hash = "sha256:ce03305dd694c4873b9429274fd41fc7eb4e0e4dea07e0af97a933b079a5814f"},
    {url = "https://files.pythonhosted.org/packages/07/08/417eabd93635695e69a18a336401b306da504dec032d537dbdc76577a569/numpy-1.23.4-cp310-cp310-macosx_10_9_x86_64.whl", hash = "sha256:95d79ada05005f6f4f337d3bb9de8a7774f259341c70bc88047a1f7b96a4bcb2"},
    {url = "https://files.pythonhosted.org/packages/07/4c/bd58f481de1f0706ea6a46d4fb056e047f488a2876416b04ad085892bce1/numpy-1.23.4-cp39-cp39-macosx_10_9_x86_64.whl", hash = "sha256:c67b833dbccefe97cdd3f52798d430b9d3430396af7cdb2a0c32954c3ef73894"},
    {url = "https://files.pythonhosted.org/packages/0c/83/78ae18fffc185d0d57097610d5a97473ef11dbdca95f16739ee96b158087/numpy-1.23.4-cp310-cp310-manylinux_2_17_x86_64.manylinux2014_x86_64.whl", hash = "sha256:a8365b942f9c1a7d0f0dc974747d99dd0a0cdfc5949a33119caf05cb314682d3"},
    {url = "https://files.pythonhosted.org/packages/0f/9e/fc7e8c4f98acb3be0bf32e16a0412bdbbb6a10292ba68061e46158c865b4/numpy-1.23.4-cp310-cp310-manylinux_2_17_aarch64.manylinux2014_aarch64.whl", hash = "sha256:c237129f0e732885c9a6076a537e974160482eab8f10db6292e92154d4c67d71"},
    {url = "https://files.pythonhosted.org/packages/26/e5/d00b9a9a89597a183257a7a316cce52e30ee705ac1c5a6de92766610ca8e/numpy-1.23.4-pp38-pypy38_pp73-macosx_10_9_x86_64.whl", hash = "sha256:61be02e3bf810b60ab74e81d6d0d36246dbfb644a462458bb53b595791251911"},
    {url = "https://files.pythonhosted.org/packages/2a/28/94ef96d74927d35d2c53fba76e5636031958c374937d4714bcb9e4fe2506/numpy-1.23.4-cp38-cp38-manylinux_2_17_aarch64.manylinux2014_aarch64.whl", hash = "sha256:8c053d7557a8f022ec823196d242464b6955a7e7e5015b719e76003f63f82d0f"},
    {url = "https://files.pythonhosted.org/packages/2d/6f/484c508cd324e1b28b78156ed278e0de0153e1e83b4320e01f0697bc2645/numpy-1.23.4-cp311-cp311-win32.whl", hash = "sha256:5e13030f8793e9ee42f9c7d5777465a560eb78fa7e11b1c053427f2ccab90c79"},
    {url = "https://files.pythonhosted.org/packages/34/80/d9b0d68ca6ce1423953d3ac5942f9110b8917c009c562a86d18d7db8fe02/numpy-1.23.4-cp38-cp38-win32.whl", hash = "sha256:dada341ebb79619fe00a291185bba370c9803b1e1d7051610e01ed809ef3a4ba"},
    {url = "https://files.pythonhosted.org/packages/38/0a/3c2524efc072cae26fb1055137f7794434e779b789b5b38671b99536328b/numpy-1.23.4-cp311-cp311-macosx_10_9_x86_64.whl", hash = "sha256:488a66cb667359534bc70028d653ba1cf307bae88eab5929cd707c761ff037db"},
    {url = "https://files.pythonhosted.org/packages/3c/d0/d7d0b6af9a434b3ee271b02ada553b1c781294bff012b19318886f86c395/numpy-1.23.4-cp38-cp38-macosx_10_9_x86_64.whl", hash = "sha256:7ab46e4e7ec63c8a5e6dbf5c1b9e1c92ba23a7ebecc86c336cb7bf3bd2fb10e5"},
    {url = "https://files.pythonhosted.org/packages/56/df/2f6016171ebce9875e7de0292a2131bea86e0340607a313a04b332d35c8e/numpy-1.23.4-cp38-cp38-manylinux_2_17_x86_64.manylinux2014_x86_64.whl", hash = "sha256:a0882323e0ca4245eb0a3d0a74f88ce581cc33aedcfa396e415e5bba7bf05f68"},
    {url = "https://files.pythonhosted.org/packages/58/ef/1e2b870a3fd6d4b4a7f827eae56830dca8eef8a9efc4c3224a193f5b8905/numpy-1.23.4-pp38-pypy38_pp73-manylinux_2_17_x86_64.manylinux2014_x86_64.whl", hash = "sha256:296d17aed51161dbad3c67ed6d164e51fcd18dbcd5dd4f9d0a9c6055dce30810"},
    {url = "https://files.pythonhosted.org/packages/5a/7b/653f2c23240e80a560f3043bfe94f7d3804badf969b89273d8ab141133d9/numpy-1.23.4-cp311-cp311-manylinux_2_17_x86_64.manylinux2014_x86_64.whl", hash = "sha256:7a70a7d3ce4c0e9284e92285cba91a4a3f5214d87ee0e95928f3614a256a1488"},
    {url = "https://files.pythonhosted.org/packages/64/8e/9929b64e146d240507edaac2185cd5516f00b133be5b39250d253be25a64/numpy-1.23.4.tar.gz", hash = "sha256:ed2cc92af0efad20198638c69bb0fc2870a58dabfba6eb722c933b48556c686c"},
    {url = "https://files.pythonhosted.org/packages/85/3a/18da9e6aa629311e97ef208e183e1bacd049c87378dfdc9c299c8a6406e1/numpy-1.23.4-cp39-cp39-macosx_11_0_arm64.whl", hash = "sha256:f76025acc8e2114bb664294a07ede0727aa75d63a06d2fae96bf29a81747e4a7"},
    {url = "https://files.pythonhosted.org/packages/8e/d7/fe76e876a139c5f3f7c7bb2695ec2136bf94d9748433d9028ef0e2f58843/numpy-1.23.4-cp310-cp310-macosx_11_0_arm64.whl", hash = "sha256:926db372bc4ac1edf81cfb6c59e2a881606b409ddc0d0920b988174b2e2a767f"},
    {url = "https://files.pythonhosted.org/packages/92/49/127e40f3f468a9bbce1fe69e97d0f0db524621960e0adc51a977298eb49c/numpy-1.23.4-cp39-cp39-manylinux_2_17_x86_64.manylinux2014_x86_64.whl", hash = "sha256:95de7dc7dc47a312f6feddd3da2500826defdccbc41608d0031276a24181a2c0"},
    {url = "https://files.pythonhosted.org/packages/95/2f/0644216547beb6b6b6ffab234a4eceb5bcba8b4a859676898027f5d57d06/numpy-1.23.4-pp38-pypy38_pp73-win_amd64.whl", hash = "sha256:4d52914c88b4930dafb6c48ba5115a96cbab40f45740239d9f4159c4ba779962"},
    {url = "https://files.pythonhosted.org/packages/a7/08/e776ca1cc170ead24149dd1f8f4646628c94e70612f5fed74e9543f063fd/numpy-1.23.4-cp310-cp310-win32.whl", hash = "sha256:2341f4ab6dba0834b685cce16dad5f9b6606ea8a00e6da154f5dbded70fdc4dd"},
    {url = "https://files.pythonhosted.org/packages/a9/23/646b2bb081b25e8c6e2495fc1ddcea2ad89b5fdff194a9d1e8eb55cc1a6d/numpy-1.23.4-cp38-cp38-win_amd64.whl", hash = "sha256:0fe563fc8ed9dc4474cbf70742673fc4391d70f4363f917599a7fa99f042d5a8"},
    {url = "https://files.pythonhosted.org/packages/af/74/c02ece94ef88bed0a7f266959fd9bb2c97140345bc792f281b7db390eea9/numpy-1.23.4-cp39-cp39-win_amd64.whl", hash = "sha256:f260da502d7441a45695199b4e7fd8ca87db659ba1c78f2bbf31f934fe76ae0e"},
    {url = "https://files.pythonhosted.org/packages/b2/f2/fb29a463abacb29fa03dfb548d463f77d5d0be887664a3d570556247767a/numpy-1.23.4-cp310-cp310-win_amd64.whl", hash = "sha256:d331afac87c92373826af83d2b2b435f57b17a5c74e6268b79355b970626e329"},
    {url = "https://files.pythonhosted.org/packages/c7/14/e35de6ce343a1226e4f838659f093f124ebaf2682c6f12ce3253a58f46bd/numpy-1.23.4-cp39-cp39-manylinux_2_17_aarch64.manylinux2014_aarch64.whl", hash = "sha256:12ac457b63ec8ded85d85c1e17d85efd3c2b0967ca39560b307a35a6703a4735"},
    {url = "https://files.pythonhosted.org/packages/c9/ea/9222b4400b8604d4dd097e26a6e33f4a72d3c610902c3c0fe2182b51fea9/numpy-1.23.4-cp39-cp39-win32.whl", hash = "sha256:f2f390aa4da44454db40a1f0201401f9036e8d578a25f01a6e237cea238337ef"},
    {url = "https://files.pythonhosted.org/packages/db/a5/3c06b9f81fcc97f5ae7f6a2cbdcb9af09c7525d24013bc8a588039971f12/numpy-1.23.4-cp38-cp38-macosx_11_0_arm64.whl", hash = "sha256:a8aae2fb3180940011b4862b2dd3756616841c53db9734b27bb93813cd79fce6"},
    {url = "https://files.pythonhosted.org/packages/eb/a6/a3217b371207622bda002820da4f7e1332a96c8331dd4720c6d4be13a799/numpy-1.23.4-cp311-cp311-win_amd64.whl", hash = "sha256:7607b598217745cc40f751da38ffd03512d33ec06f3523fb0b5f82e09f6f676d"},
    {url = "https://files.pythonhosted.org/packages/ec/83/81bcb0adeca52bffe6bf4b7c0a3f3d80a1d541f79f46fc5b12e6e997ddbe/numpy-1.23.4-cp311-cp311-manylinux_2_17_aarch64.manylinux2014_aarch64.whl", hash = "sha256:8981d9b5619569899666170c7c9748920f4a5005bf79c72c07d08c8a035757b0"},
]
"pandas 1.5.1" = [
    {url = "https://files.pythonhosted.org/packages/12/51/dd4bd8d43f7f21086b99fed461e91eaf4fdac48dea3028f4b3aef87dffdc/pandas-1.5.1-cp39-cp39-macosx_10_9_x86_64.whl", hash = "sha256:e675f8fe9aa6c418dc8d3aac0087b5294c1a4527f1eacf9fe5ea671685285454"},
    {url = "https://files.pythonhosted.org/packages/1c/75/49a1118aee0b5e95c2c52f57f48a340ab9cb0b7b30a3c986e20cdc41f4d2/pandas-1.5.1-cp38-cp38-macosx_11_0_arm64.whl", hash = "sha256:17da7035d9e6f9ea9cdc3a513161f8739b8f8489d31dc932bc5a29a27243f93d"},
    {url = "https://files.pythonhosted.org/packages/1e/a6/14bd623f06a05b551cdb51cc2ec8cbe3af8a6928fe0b8b5ffc6b4c5423fa/pandas-1.5.1-cp311-cp311-manylinux_2_17_x86_64.manylinux2014_x86_64.whl", hash = "sha256:932d2d7d3cab44cfa275601c982f30c2d874722ef6396bb539e41e4dc4618ed4"},
    {url = "https://files.pythonhosted.org/packages/2a/aa/a08e03b2af7a669aefc3dd5fe6d6eac79d854cd985670c8f367bfc0cd976/pandas-1.5.1-cp38-cp38-macosx_10_9_universal2.whl", hash = "sha256:cb2a9cf1150302d69bb99861c5cddc9c25aceacb0a4ef5299785d0f5389a3209"},
    {url = "https://files.pythonhosted.org/packages/37/b4/f9d5339c96449af3321a923e239cc00e08e69f0ca1c1544654028da950e4/pandas-1.5.1-cp38-cp38-manylinux_2_17_x86_64.manylinux2014_x86_64.whl", hash = "sha256:683779e5728ac9138406c59a11e09cd98c7d2c12f0a5fc2b9c5eecdbb4a00075"},
    {url = "https://files.pythonhosted.org/packages/45/4c/431f4ebbe40691ea5a33e37a5698042abacbb7baf4b67ec88fc038f85f94/pandas-1.5.1-cp38-cp38-win_amd64.whl", hash = "sha256:db45b94885000981522fb92349e6b76f5aee0924cc5315881239c7859883117d"},
    {url = "https://files.pythonhosted.org/packages/50/15/ce88c13d182c34e73a9bee8665340bff200b175af39fa160d30e6d37f7aa/pandas-1.5.1-cp310-cp310-win_amd64.whl", hash = "sha256:a52419d9ba5906db516109660b114faf791136c94c1a636ed6b29cbfff9187ee"},
    {url = "https://files.pythonhosted.org/packages/5c/49/dd246e74156757fe3c26e4b97a4a19fe219cab9092d71366f2456f4841f9/pandas-1.5.1-cp311-cp311-macosx_11_0_arm64.whl", hash = "sha256:bcf1a82b770b8f8c1e495b19a20d8296f875a796c4fe6e91da5ef107f18c5ecb"},
    {url = "https://files.pythonhosted.org/packages/60/53/619c0bcdc45b0a2ac94fc840c67073f8ca3f69344383c7dca0ed20e1ea73/pandas-1.5.1-cp39-cp39-win_amd64.whl", hash = "sha256:6bb391659a747cf4f181a227c3e64b6d197100d53da98dcd766cc158bdd9ec68"},
    {url = "https://files.pythonhosted.org/packages/65/8f/78fff6273dbcbb4c30f51125bc72b254b222e73bb68cc0038fc614d8e1b5/pandas-1.5.1-cp311-cp311-manylinux_2_17_aarch64.manylinux2014_aarch64.whl", hash = "sha256:2c25e5c16ee5c0feb6cf9d982b869eec94a22ddfda9aa2fbed00842cbb697624"},
    {url = "https://files.pythonhosted.org/packages/68/49/7244ad35598bd612a4b68a86030d9ed210ff9a9f9def2e67282cce128512/pandas-1.5.1-cp310-cp310-macosx_11_0_arm64.whl", hash = "sha256:f340331a3f411910adfb4bbe46c2ed5872d9e473a783d7f14ecf49bc0869c594"},
    {url = "https://files.pythonhosted.org/packages/6e/fe/e66020dc13c052be66795794c2590b460dfb87904d7834e2138f36626e74/pandas-1.5.1-cp39-cp39-macosx_11_0_arm64.whl", hash = "sha256:04e51b01d5192499390c0015630975f57836cc95c7411415b499b599b05c0c96"},
    {url = "https://files.pythonhosted.org/packages/7c/5e/66b310f4fa3ef08a20f30a29bff91265f0118f3bd3549e4dea84c801da8d/pandas-1.5.1-cp38-cp38-win32.whl", hash = "sha256:ddf46b940ef815af4e542697eaf071f0531449407a7607dd731bf23d156e20a7"},
    {url = "https://files.pythonhosted.org/packages/86/bb/c3353704906030210d7d5bec81577715ba3a320ef0ece44cac3b29324b16/pandas-1.5.1-cp311-cp311-win_amd64.whl", hash = "sha256:eb7e8cf2cf11a2580088009b43de84cabbf6f5dae94ceb489f28dba01a17cb77"},
    {url = "https://files.pythonhosted.org/packages/88/ca/d8f52ce9faa3c48f7c5dd2fd7bfb036263d77eb61b1c616679faa25e5f88/pandas-1.5.1-cp310-cp310-manylinux_2_17_aarch64.manylinux2014_aarch64.whl", hash = "sha256:d8c709f4700573deb2036d240d140934df7e852520f4a584b2a8d5443b71f54d"},
    {url = "https://files.pythonhosted.org/packages/8f/f1/0fea6a6ad6e88f603443a0e9f225f0feafeba4ec899f09846ea7ad5c06e7/pandas-1.5.1-cp310-cp310-macosx_10_9_universal2.whl", hash = "sha256:0a78e05ec09731c5b3bd7a9805927ea631fe6f6cb06f0e7c63191a9a778d52b4"},
    {url = "https://files.pythonhosted.org/packages/93/0b/e012ba87937e72d5a7410bbe2b87202f95135ed2b51600a6f9693c582acb/pandas-1.5.1-cp38-cp38-macosx_10_9_x86_64.whl", hash = "sha256:81f0674fa50b38b6793cd84fae5d67f58f74c2d974d2cb4e476d26eee33343d0"},
    {url = "https://files.pythonhosted.org/packages/93/a8/0174b2f33e3450140bb32a7208aed3b629afb83e92e82a89203e8e35eec7/pandas-1.5.1-cp39-cp39-manylinux_2_17_aarch64.manylinux2014_aarch64.whl", hash = "sha256:5cee0c74e93ed4f9d39007e439debcaadc519d7ea5c0afc3d590a3a7b2edf060"},
    {url = "https://files.pythonhosted.org/packages/97/04/e2f55bb7fea442e27a002df165d05e0fcd4c282a3ca0da9f717f021515e8/pandas-1.5.1-cp310-cp310-macosx_10_9_x86_64.whl", hash = "sha256:5b0c970e2215572197b42f1cff58a908d734503ea54b326412c70d4692256391"},
    {url = "https://files.pythonhosted.org/packages/a4/d9/f7a26d190a2062f2316ff046dcc64649a027b1959f02de5a8963fc7f7519/pandas-1.5.1-cp311-cp311-macosx_10_9_x86_64.whl", hash = "sha256:36aa1f8f680d7584e9b572c3203b20d22d697c31b71189322f16811d4ecfecd3"},
    {url = "https://files.pythonhosted.org/packages/a9/28/bb976b8173a957e5ff2ab9e61373f47e2fa7e31a864ca63f2c5d6894f2f2/pandas-1.5.1-cp38-cp38-manylinux_2_17_aarch64.manylinux2014_aarch64.whl", hash = "sha256:669c8605dba6c798c1863157aefde959c1796671ffb342b80fcb80a4c0bc4c26"},
    {url = "https://files.pythonhosted.org/packages/a9/33/f5d9c0eea8dc9c1d3c49524704d95c81ebcc6f5919698ce6875a3f0c4bdd/pandas-1.5.1-cp311-cp311-macosx_10_9_universal2.whl", hash = "sha256:66a1ad667b56e679e06ba73bb88c7309b3f48a4c279bd3afea29f65a766e9036"},
    {url = "https://files.pythonhosted.org/packages/bd/91/070dda2b8d5c5471f8f19e0ff3063dcb3b604751036afb05a71a4d758743/pandas-1.5.1-cp39-cp39-win32.whl", hash = "sha256:05c527c64ee02a47a24031c880ee0ded05af0623163494173204c5b72ddce658"},
    {url = "https://files.pythonhosted.org/packages/c1/a4/7f0c2c8702e220846bebc4c03ce14122724c4280807fd87638bd641aa128/pandas-1.5.1-cp39-cp39-macosx_10_9_universal2.whl", hash = "sha256:927e59c694e039c75d7023465d311277a1fc29ed7236b5746e9dddf180393113"},
    {url = "https://files.pythonhosted.org/packages/c9/80/207c30c09d0b650214f7826227d32236e3259e2ad2b8e0075b3feae4266c/pandas-1.5.1-cp39-cp39-manylinux_2_17_x86_64.manylinux2014_x86_64.whl", hash = "sha256:b156a971bc451c68c9e1f97567c94fd44155f073e3bceb1b0d195fd98ed12048"},
    {url = "https://files.pythonhosted.org/packages/d7/4e/bc3163c2f0b2f0728c398cad15e082efaa27e40fa579a0523e98caf10fdf/pandas-1.5.1.tar.gz", hash = "sha256:249cec5f2a5b22096440bd85c33106b6102e0672204abd2d5c014106459804ee"},
    {url = "https://files.pythonhosted.org/packages/e9/aa/1ba5c0835aa83af896cdb61df439335f39ca59392aff5fd1a06a152a7aae/pandas-1.5.1-cp310-cp310-manylinux_2_17_x86_64.manylinux2014_x86_64.whl", hash = "sha256:32e3d9f65606b3f6e76555bfd1d0b68d94aff0929d82010b791b6254bf5a4b96"},
]
"pypdf2 2.11.1" = [
    {url = "https://files.pythonhosted.org/packages/b4/fa/f895bfb28444157faf277c313e05f36001f0c8a8f270ba5c6ca1a2e5216e/PyPDF2-2.11.1-py3-none-any.whl", hash = "sha256:7291a552ead2e7c2d556cce03bf71842fbbab478fcba13ae75ab1d59746b4dcb"},
    {url = "https://files.pythonhosted.org/packages/b8/2b/1403db7e50916bcf1c559ac92b05d06058627694c2e16b686b7e66de87f3/PyPDF2-2.11.1.tar.gz", hash = "sha256:3c7badd512c21711eb1789c2eadbf96279289c0f94452ee54a86473bfbefd732"},
]
"python-dateutil 2.8.2" = [
    {url = "https://files.pythonhosted.org/packages/36/7a/87837f39d0296e723bb9b62bbb257d0355c7f6128853c78955f57342a56d/python_dateutil-2.8.2-py2.py3-none-any.whl", hash = "sha256:961d03dc3453ebbc59dbdea9e4e11c5651520a876d0f4db161e8674aae935da9"},
    {url = "https://files.pythonhosted.org/packages/4c/c4/13b4776ea2d76c115c1d1b84579f3764ee6d57204f6be27119f13a61d0a9/python-dateutil-2.8.2.tar.gz", hash = "sha256:0123cacc1627ae19ddf3c27a5de5bd67ee4586fbdd6440d9748f8abb483d3e86"},
]
"pytz 2022.5" = [
    {url = "https://files.pythonhosted.org/packages/b5/d7/91fd8911d22e7fac794803095dd192bf1ebd70c7603272085230d915e738/pytz-2022.5-py2.py3-none-any.whl", hash = "sha256:335ab46900b1465e714b4fda4963d87363264eb662aab5e65da039c25f1f5b22"},
    {url = "https://files.pythonhosted.org/packages/fe/dd/182cc5ed8e64a0d6d6c34fd27391041d542270000825410d294bd6902207/pytz-2022.5.tar.gz", hash = "sha256:c4d88f472f54d615e9cd582a5004d1e5f624854a6a27a6211591c251f22a6914"},
]
"requests 2.28.1" = [
    {url = "https://files.pythonhosted.org/packages/a5/61/a867851fd5ab77277495a8709ddda0861b28163c4613b011bc00228cc724/requests-2.28.1.tar.gz", hash = "sha256:7c5599b102feddaa661c826c56ab4fee28bfd17f5abca1ebbe3e7f19d7c97983"},
    {url = "https://files.pythonhosted.org/packages/ca/91/6d9b8ccacd0412c08820f72cebaa4f0c0441b5cda699c90f618b6f8a1b42/requests-2.28.1-py3-none-any.whl", hash = "sha256:8fefa2a1a1365bf5520aac41836fbee479da67864514bdb821f31ce07ce65349"},
]
"setuptools 65.5.0" = [
    {url = "https://files.pythonhosted.org/packages/41/82/7f54bbfe5c247a8c9f78d8d1d7c051847bcb78843c397b866dba335c1e88/setuptools-65.5.0-py3-none-any.whl", hash = "sha256:f62ea9da9ed6289bfe868cd6845968a2c854d1427f8548d52cae02a42b4f0356"},
    {url = "https://files.pythonhosted.org/packages/c5/41/247814d8b7a044717164c74080725a6c8f3d2b5fc82b34bd825b617df663/setuptools-65.5.0.tar.gz", hash = "sha256:512e5536220e38146176efb833d4a62aa726b7bbff82cfbc8ba9eaa3996e0b17"},
]
"six 1.16.0" = [
    {url = "https://files.pythonhosted.org/packages/71/39/171f1c67cd00715f190ba0b100d606d440a28c93c7714febeca8b79af85e/six-1.16.0.tar.gz", hash = "sha256:1e61c37477a1626458e36f7b1d82aa5c9b094fa4802892072e49de9c60c4c926"},
    {url = "https://files.pythonhosted.org/packages/d9/5a/e7c31adbe875f2abbb91bd84cf2dc52d792b5a01506781dbcf25c91daf11/six-1.16.0-py2.py3-none-any.whl", hash = "sha256:8abb2f1d86890a2dfb989f9a77cfcfd3e47c2a354b01111771326f8aa26e0254"},
]
"soupsieve 2.3.2.post1" = [
    {url = "https://files.pythonhosted.org/packages/16/e3/4ad79882b92617e3a4a0df1960d6bce08edfb637737ac5c3f3ba29022e25/soupsieve-2.3.2.post1-py3-none-any.whl", hash = "sha256:3b2503d3c7084a42b1ebd08116e5f81aadfaea95863628c80a3b774a11b7c759"},
    {url = "https://files.pythonhosted.org/packages/f3/03/bac179d539362319b4779a00764e95f7542f4920084163db6b0fd4742d38/soupsieve-2.3.2.post1.tar.gz", hash = "sha256:fc53893b3da2c33de295667a0e19f078c14bf86544af307354de5fcf12a3f30d"},
]
"tabula-py 2.5.1" = [
    {url = "https://files.pythonhosted.org/packages/cd/da/ca0daf06d26f2ad5aa3ecb2860419c6fdfb7dac8f66320f5d1a67ff6c366/tabula-py-2.5.1.tar.gz", hash = "sha256:d6dc3f6e1d420df98d2952e90709c6fff65eb28418e7a17d7e5df4b7dd86d197"},
    {url = "https://files.pythonhosted.org/packages/ef/d0/7e485d6b295aa50a16408c0caa792a2d0c0d67baf3e983ee6c4a739a155d/tabula_py-2.5.1-py3-none-any.whl", hash = "sha256:0f03c0e591ed21d5f45d80351714c6727a447ff6dc0b3adfe723a92d4c7d74ef"},
]
"urllib3 1.26.12" = [
    {url = "https://files.pythonhosted.org/packages/6f/de/5be2e3eed8426f871b170663333a0f627fc2924cc386cd41be065e7ea870/urllib3-1.26.12-py2.py3-none-any.whl", hash = "sha256:b930dd878d5a8afb066a637fbb35144fe7901e3b209d1cd4f524bd0e9deee997"},
    {url = "https://files.pythonhosted.org/packages/b2/56/d87d6d3c4121c0bcec116919350ca05dc3afd2eeb7dc88d07e8083f8ea94/urllib3-1.26.12.tar.gz", hash = "sha256:3fa96cf423e6987997fc326ae8df396db2a8b7c667747d47ddd8ecba91f4a74e"},
]
